{
  "requires": true,
  "lockfileVersion": 1,
  "dependencies": {
    "rmodal": {
      "version": "1.0.31",
      "resolved": "https://registry.npmjs.org/rmodal/-/rmodal-1.0.31.tgz",
      "integrity": "sha512-ys1Xp4uv3Tzd2/EQUYqfSLNL4o9V1qtiIfybWjcIgpwHoiYeP7hLZo77ldLYaVexIZo4LAsMwwFn7vmpaG7Xfg=="
    }
  }
}
